{
    "_meta": {
        "hash": {
            "sha256": "a96d0b05bab9059eac66eac29ab9ed5c37fb519a810cd71b3a2fb6bb1c6485b3"
        },
        "requires": {},
        "sources": [
            {
                "url": "https://pypi.python.org/simple",
                "verify_ssl": true
            }
        ]
    },
    "default": {
        "alembic": {
            "version": "==0.9.2"
        },
        "alembic-autogenerate-enums": {
            "version": "==0.0.2"
        },
        "click": {
            "version": "==6.7"
        },
        "flask": {
            "version": "==0.12.2"
        },
        "flask-admin": {
            "version": "==1.5.0"
        },
        "flask-migrate": {
            "version": "==2.0.4"
        },
        "flask-script": {
            "version": "==2.0.5"
        },
        "flask-sqlalchemy": {
            "version": "==2.2"
        },
        "itsdangerous": {
            "version": "==0.24"
        },
        "jinja2": {
            "version": "==2.9.6"
        },
        "mako": {
            "version": "==1.0.6"
        },
        "markupsafe": {
            "version": "==1.0"
        },
        "psycopg2": {
            "version": "==2.7.1"
        },
        "python-dateutil": {
            "version": "==2.6.0"
        },
        "python-editor": {
            "version": "==1.0.3"
        },
        "restless": {
            "version": "==2.1.1"
        },
        "six": {
            "version": "==1.10.0"
        },
        "sqlalchemy": {
            "version": "==1.1.11"
        },
        "werkzeug": {
            "version": "==0.12.2"
        },
        "wtforms": {
            "version": "==2.1"
        }
    },
    "develop": {}
}
