{
    "_meta": {
        "hash": {
            "sha256": "e36d0dbd1f12fb4c459bc2ee5b08eb24a8b95ac953578390f21e6dddcbce4501"
        },
        "requires": {},
        "sources": [
            {
                "url": "https://pypi.python.org/simple",
                "verify_ssl": true
            }
        ]
    },
    "default": {
        "SQLAlchemy": {
            "hash": "sha256:b65cdc73cd348448ef0164f6c77d45a9f27ca575d3c5d71ccc33adf684bc6ef0",
            "version": "==1.1.9"
        },
        "psycopg2": {
            "hash": "sha256:74ee532d6068a1456d5eda254513656c716cdee0a7389c91c094c7ce3500a9c9",
            "version": "==2.7.1"
        }
    },
    "develop": {}
}