{
    "_meta": {
        "hash": {
            "sha256": "2a6a6ce9a3c4b6c28d9d0e3e1f8f463dcf84410b522e555c057ebb56c09c9a67"
        },
        "requires": {},
        "sources": [
            {
                "url": "https://pypi.python.org/simple",
                "verify_ssl": true
            }
        ]
    },
    "default": {
        "alembic": {
            "version": "==0.9.3"
        },
        "alembic-autogenerate-enums": {
            "version": "==0.0.2"
        },
        "click": {
            "version": "==6.7"
        },
        "flask": {
            "version": "==0.12.2"
        },
        "flask-admin": {
            "version": "==1.5.0"
        },
        "flask-migrate": {
            "version": "==2.0.4"
        },
        "flask-script": {
            "version": "==2.0.5"
        },
        "flask-sqlalchemy": {
            "version": "==2.2"
        },
        "itsdangerous": {
            "version": "==0.24"
        },
        "jinja2": {
            "version": "==2.9.6"
        },
        "mako": {
            "version": "==1.0.7"
        },
        "markupsafe": {
            "version": "==1.0"
        },
        "psycopg2": {
            "version": "==2.7.3"
        },
        "python-dateutil": {
            "version": "==2.6.1"
        },
        "python-editor": {
            "version": "==1.0.3"
        },
        "restless": {
            "version": "==2.1.1"
        },
        "six": {
            "version": "==1.10.0"
        },
        "slugify": {
            "version": "==0.0.1"
        },
        "sqlalchemy": {
            "version": "==1.1.12"
        },
        "werkzeug": {
            "version": "==0.12.2"
        },
        "wtforms": {
            "version": "==2.1"
        }
    },
    "develop": {}
}
